// !$*UTF8*$!
{
	archiveVersion = 1;
	classes = {
	};
	objectVersion = 77;
	objects = {

/* Begin PBXBuildFile section */
		EE47B5042E442FD900B0CDEB /* CryptoSwift in Frameworks */ = {isa = PBXBuildFile; productRef = EE47B5032E442FD900B0CDEB /* CryptoSwift */; };
/* End PBXBuildFile section */

/* Begin PBXContainerItemProxy section */
		EEA0B46D2E1766BC00E54FC6 /* PBXContainerItemProxy */ = {
			isa = PBXContainerItemProxy;
			containerPortal = EEA0B4502E1766BA00E54FC6 /* Project object */;
			proxyType = 1;
			remoteGlobalIDString = EEA0B4572E1766BA00E54FC6;
			remoteInfo = Paro;
		};
		EEA0B4772E1766BC00E54FC6 /* PBXContainerItemProxy */ = {
			isa = PBXContainerItemProxy;
			containerPortal = EEA0B4502E1766BA00E54FC6 /* Project object */;
			proxyType = 1;
			remoteGlobalIDString = EEA0B4572E1766BA00E54FC6;
			remoteInfo = Paro;
		};
/* End PBXContainerItemProxy section */

/* Begin PBXFileReference section */
		EEA0B4582E1766BA00E54FC6 /* Paro.app */ = {isa = PBXFileReference; explicitFileType = wrapper.application; includeInIndex = 0; path = Paro.app; sourceTree = BUILT_PRODUCTS_DIR; };
		EEA0B46C2E1766BC00E54FC6 /* ParoTests.xctest */ = {isa = PBXFileReference; explicitFileType = wrapper.cfbundle; includeInIndex = 0; path = ParoTests.xctest; sourceTree = BUILT_PRODUCTS_DIR; };
		EEA0B4762E1766BC00E54FC6 /* ParoUITests.xctest */ = {isa = PBXFileReference; explicitFileType = wrapper.cfbundle; includeInIndex = 0; path = ParoUITests.xctest; sourceTree = BUILT_PRODUCTS_DIR; };
/* End PBXFileReference section */

/* Begin PBXFileSystemSynchronizedBuildFileExceptionSet section */
		EE47B5102E458F2F00B0CDEB /* Exceptions for "Paro" folder in "ParoTests" target */ = {
			isa = PBXFileSystemSynchronizedBuildFileExceptionSet;
			membershipExceptions = (
				Views/CreatePassword.swift,
				Views/PasswordSelection.swift,
			);
			target = EEA0B46B2E1766BC00E54FC6 /* ParoTests */;
		};
		EE47B5112E458F2F00B0CDEB /* Exceptions for "Paro" folder in "ParoUITests" target */ = {
			isa = PBXFileSystemSynchronizedBuildFileExceptionSet;
			membershipExceptions = (
				Views/CreatePassword.swift,
				Views/PasswordSelection.swift,
			);
			target = EEA0B4752E1766BC00E54FC6 /* ParoUITests */;
		};
		EEA0B47E2E1766BC00E54FC6 /* Exceptions for "Paro" folder in "Paro" target */ = {
			isa = PBXFileSystemSynchronizedBuildFileExceptionSet;
			membershipExceptions = (
				Info.plist,
			);
			target = EEA0B4572E1766BA00E54FC6 /* Paro */;
		};
/* End PBXFileSystemSynchronizedBuildFileExceptionSet section */

/* Begin PBXFileSystemSynchronizedRootGroup section */
		EEA0B45A2E1766BA00E54FC6 /* Paro */ = {
			isa = PBXFileSystemSynchronizedRootGroup;
			exceptions = (
				EEA0B47E2E1766BC00E54FC6 /* Exceptions for "Paro" folder in "Paro" target */,
				EE47B5102E458F2F00B0CDEB /* Exceptions for "Paro" folder in "ParoTests" target */,
				EE47B5112E458F2F00B0CDEB /* Exceptions for "Paro" folder in "ParoUITests" target */,
			);
			path = Paro;
			sourceTree = "<group>";
		};
		EEA0B46F2E1766BC00E54FC6 /* ParoTests */ = {
			isa = PBXFileSystemSynchronizedRootGroup;
			path = ParoTests;
			sourceTree = "<group>";
		};
		EEA0B4792E1766BC00E54FC6 /* ParoUITests */ = {
			isa = PBXFileSystemSynchronizedRootGroup;
			path = ParoUITests;
			sourceTree = "<group>";
		};
/* End PBXFileSystemSynchronizedRootGroup section */

/* Begin PBXFrameworksBuildPhase section */
		EEA0B4552E1766BA00E54FC6 /* Frameworks */ = {
			isa = PBXFrameworksBuildPhase;
			buildActionMask = 2147483647;
			files = (
				EE47B5042E442FD900B0CDEB /* CryptoSwift in Frameworks */,
			);
			runOnlyForDeploymentPostprocessing = 0;
		};
		EEA0B4692E1766BC00E54FC6 /* Frameworks */ = {
			isa = PBXFrameworksBuildPhase;
			buildActionMask = 2147483647;
			files = (
			);
			runOnlyForDeploymentPostprocessing = 0;
		};
		EEA0B4732E1766BC00E54FC6 /* Frameworks */ = {
			isa = PBXFrameworksBuildPhase;
			buildActionMask = 2147483647;
			files = (
			);
			runOnlyForDeploymentPostprocessing = 0;
		};
/* End PBXFrameworksBuildPhase section */

/* Begin PBXGroup section */
		EEA0B44F2E1766BA00E54FC6 = {
			isa = PBXGroup;
			children = (
				EEA0B45A2E1766BA00E54FC6 /* Paro */,
				EEA0B46F2E1766BC00E54FC6 /* ParoTests */,
				EEA0B4792E1766BC00E54FC6 /* ParoUITests */,
				EEA0B4592E1766BA00E54FC6 /* Products */,
			);
			sourceTree = "<group>";
		};
		EEA0B4592E1766BA00E54FC6 /* Products */ = {
			isa = PBXGroup;
			children = (
				EEA0B4582E1766BA00E54FC6 /* Paro.app */,
				EEA0B46C2E1766BC00E54FC6 /* ParoTests.xctest */,
				EEA0B4762E1766BC00E54FC6 /* ParoUITests.xctest */,
			);
			name = Products;
			sourceTree = "<group>";
		};
/* End PBXGroup section */

/* Begin PBXNativeTarget section */
		EEA0B4572E1766BA00E54FC6 /* Paro */ = {
			isa = PBXNativeTarget;
			buildConfigurationList = EEA0B47F2E1766BC00E54FC6 /* Build configuration list for PBXNativeTarget "Paro" */;
			buildPhases = (
				EEA0B4542E1766BA00E54FC6 /* Sources */,
				EEA0B4552E1766BA00E54FC6 /* Frameworks */,
				EEA0B4562E1766BA00E54FC6 /* Resources */,
			);
			buildRules = (
			);
			dependencies = (
			);
			fileSystemSynchronizedGroups = (
				EEA0B45A2E1766BA00E54FC6 /* Paro */,
			);
			name = Paro;
			packageProductDependencies = (
				EE47B5032E442FD900B0CDEB /* CryptoSwift */,
			);
			productName = Paro;
			productReference = EEA0B4582E1766BA00E54FC6 /* Paro.app */;
			productType = "com.apple.product-type.application";
		};
		EEA0B46B2E1766BC00E54FC6 /* ParoTests */ = {
			isa = PBXNativeTarget;
			buildConfigurationList = EEA0B4842E1766BC00E54FC6 /* Build configuration list for PBXNativeTarget "ParoTests" */;
			buildPhases = (
				EEA0B4682E1766BC00E54FC6 /* Sources */,
				EEA0B4692E1766BC00E54FC6 /* Frameworks */,
				EEA0B46A2E1766BC00E54FC6 /* Resources */,
			);
			buildRules = (
			);
			dependencies = (
				EEA0B46E2E1766BC00E54FC6 /* PBXTargetDependency */,
			);
			fileSystemSynchronizedGroups = (
				EEA0B46F2E1766BC00E54FC6 /* ParoTests */,
			);
			name = ParoTests;
			packageProductDependencies = (
			);
			productName = ParoTests;
			productReference = EEA0B46C2E1766BC00E54FC6 /* ParoTests.xctest */;
			productType = "com.apple.product-type.bundle.unit-test";
		};
		EEA0B4752E1766BC00E54FC6 /* ParoUITests */ = {
			isa = PBXNativeTarget;
			buildConfigurationList = EEA0B4872E1766BC00E54FC6 /* Build configuration list for PBXNativeTarget "ParoUITests" */;
			buildPhases = (
				EEA0B4722E1766BC00E54FC6 /* Sources */,
				EEA0B4732E1766BC00E54FC6 /* Frameworks */,
				EEA0B4742E1766BC00E54FC6 /* Resources */,
			);
			buildRules = (
			);
			dependencies = (
				EEA0B4782E1766BC00E54FC6 /* PBXTargetDependency */,
			);
			fileSystemSynchronizedGroups = (
				EEA0B4792E1766BC00E54FC6 /* ParoUITests */,
			);
			name = ParoUITests;
			packageProductDependencies = (
			);
			productName = ParoUITests;
			productReference = EEA0B4762E1766BC00E54FC6 /* ParoUITests.xctest */;
			productType = "com.apple.product-type.bundle.ui-testing";
		};
/* End PBXNativeTarget section */

/* Begin PBXProject section */
		EEA0B4502E1766BA00E54FC6 /* Project object */ = {
			isa = PBXProject;
			attributes = {
				BuildIndependentTargetsInParallel = 1;
				LastSwiftUpdateCheck = 1640;
				LastUpgradeCheck = 1640;
				TargetAttributes = {
					EEA0B4572E1766BA00E54FC6 = {
						CreatedOnToolsVersion = 16.4;
					};
					EEA0B46B2E1766BC00E54FC6 = {
						CreatedOnToolsVersion = 16.4;
						TestTargetID = EEA0B4572E1766BA00E54FC6;
					};
					EEA0B4752E1766BC00E54FC6 = {
						CreatedOnToolsVersion = 16.4;
						TestTargetID = EEA0B4572E1766BA00E54FC6;
					};
				};
			};
			buildConfigurationList = EEA0B4532E1766BA00E54FC6 /* Build configuration list for PBXProject "Paro" */;
			developmentRegion = en;
			hasScannedForEncodings = 0;
			knownRegions = (
				en,
				Base,
			);
			mainGroup = EEA0B44F2E1766BA00E54FC6;
			minimizedProjectReferenceProxies = 1;
			packageReferences = (
				EE47B5022E442FD900B0CDEB /* XCRemoteSwiftPackageReference "CryptoSwift" */,
			);
			preferredProjectObjectVersion = 77;
			productRefGroup = EEA0B4592E1766BA00E54FC6 /* Products */;
			projectDirPath = "";
			projectRoot = "";
			targets = (
				EEA0B4572E1766BA00E54FC6 /* Paro */,
				EEA0B46B2E1766BC00E54FC6 /* ParoTests */,
				EEA0B4752E1766BC00E54FC6 /* ParoUITests */,
			);
		};
/* End PBXProject section */

/* Begin PBXResourcesBuildPhase section */
		EEA0B4562E1766BA00E54FC6 /* Resources */ = {
			isa = PBXResourcesBuildPhase;
			buildActionMask = 2147483647;
			files = (
			);
			runOnlyForDeploymentPostprocessing = 0;
		};
		EEA0B46A2E1766BC00E54FC6 /* Resources */ = {
			isa = PBXResourcesBuildPhase;
			buildActionMask = 2147483647;
			files = (
			);
			runOnlyForDeploymentPostprocessing = 0;
		};
		EEA0B4742E1766BC00E54FC6 /* Resources */ = {
			isa = PBXResourcesBuildPhase;
			buildActionMask = 2147483647;
			files = (
			);
			runOnlyForDeploymentPostprocessing = 0;
		};
/* End PBXResourcesBuildPhase section */

/* Begin PBXSourcesBuildPhase section */
		EEA0B4542E1766BA00E54FC6 /* Sources */ = {
			isa = PBXSourcesBuildPhase;
			buildActionMask = 2147483647;
			files = (
			);
			runOnlyForDeploymentPostprocessing = 0;
		};
		EEA0B4682E1766BC00E54FC6 /* Sources */ = {
			isa = PBXSourcesBuildPhase;
			buildActionMask = 2147483647;
			files = (
			);
			runOnlyForDeploymentPostprocessing = 0;
		};
		EEA0B4722E1766BC00E54FC6 /* Sources */ = {
			isa = PBXSourcesBuildPhase;
			buildActionMask = 2147483647;
			files = (
			);
			runOnlyForDeploymentPostprocessing = 0;
		};
/* End PBXSourcesBuildPhase section */

/* Begin PBXTargetDependency section */
		EEA0B46E2E1766BC00E54FC6 /* PBXTargetDependency */ = {
			isa = PBXTargetDependency;
			target = EEA0B4572E1766BA00E54FC6 /* Paro */;
			targetProxy = EEA0B46D2E1766BC00E54FC6 /* PBXContainerItemProxy */;
		};
		EEA0B4782E1766BC00E54FC6 /* PBXTargetDependency */ = {
			isa = PBXTargetDependency;
			target = EEA0B4572E1766BA00E54FC6 /* Paro */;
			targetProxy = EEA0B4772E1766BC00E54FC6 /* PBXContainerItemProxy */;
		};
/* End PBXTargetDependency section */

/* Begin XCBuildConfiguration section */
		EEA0B4802E1766BC00E54FC6 /* Debug */ = {
			isa = XCBuildConfiguration;
			buildSettings = {
				ASSETCATALOG_COMPILER_APPICON_NAME = AppIcon;
				ASSETCATALOG_COMPILER_GLOBAL_ACCENT_COLOR_NAME = AccentColor;
				CODE_SIGN_ENTITLEMENTS = Paro/Paro.entitlements;
				CODE_SIGN_STYLE = Automatic;
				CURRENT_PROJECT_VERSION = 1;
				DEVELOPMENT_TEAM = ZD948KAB33;
				ENABLE_PREVIEWS = YES;
				GENERATE_INFOPLIST_FILE = YES;
				INFOPLIST_FILE = Paro/Info.plist;
				INFOPLIST_KEY_UIApplicationSceneManifest_Generation = YES;
				INFOPLIST_KEY_UIApplicationSupportsIndirectInputEvents = YES;
				INFOPLIST_KEY_UILaunchScreen_Generation = YES;
				INFOPLIST_KEY_UIStatusBarStyle = "";
				INFOPLIST_KEY_UISupportedInterfaceOrientations = "UIInterfaceOrientationPortrait UIInterfaceOrientationPortraitUpsideDown";
				LD_RUNPATH_SEARCH_PATHS = (
					"$(inherited)",
					"@executable_path/Frameworks",
				);
				MARKETING_VERSION = 1.0;
				PRODUCT_BUNDLE_IDENTIFIER = com.Akili.Paro;
				PRODUCT_NAME = "$(TARGET_NAME)";
				SWIFT_EMIT_LOC_STRINGS = YES;
				SWIFT_VERSION = 5.0;
				TARGETED_DEVICE_FAMILY = "1,2";
			};
			name = Debug;
		};
		EEA0B4812E1766BC00E54FC6 /* Release */ = {
			isa = XCBuildConfiguration;
			buildSettings = {
				ASSETCATALOG_COMPILER_APPICON_NAME = AppIcon;
				ASSETCATALOG_COMPILER_GLOBAL_ACCENT_COLOR_NAME = AccentColor;
				CODE_SIGN_ENTITLEMENTS = Paro/Paro.entitlements;
				CODE_SIGN_STYLE = Automatic;
				CURRENT_PROJECT_VERSION = 1;
				DEVELOPMENT_TEAM = ZD948KAB33;
				ENABLE_PREVIEWS = YES;
				GENERATE_INFOPLIST_FILE = YES;
				INFOPLIST_FILE = Paro/Info.plist;
				INFOPLIST_KEY_UIApplicationSceneManifest_Generation = YES;
				INFOPLIST_KEY_UIApplicationSupportsIndirectInputEvents = YES;
				INFOPLIST_KEY_UILaunchScreen_Generation = YES;
				INFOPLIST_KEY_UIStatusBarStyle = "";
				INFOPLIST_KEY_UISupportedInterfaceOrientations = "UIInterfaceOrientationPortrait UIInterfaceOrientationPortraitUpsideDown";
				LD_RUNPATH_SEARCH_PATHS = (
					"$(inherited)",
					"@executable_path/Frameworks",
				);
				MARKETING_VERSION = 1.0;
				PRODUCT_BUNDLE_IDENTIFIER = com.Akili.Paro;
				PRODUCT_NAME = "$(TARGET_NAME)";
				SWIFT_EMIT_LOC_STRINGS = YES;
				SWIFT_VERSION = 5.0;
				TARGETED_DEVICE_FAMILY = "1,2";
			};
			name = Release;
		};
		EEA0B4822E1766BC00E54FC6 /* Debug */ = {
			isa = XCBuildConfiguration;
			buildSettings = {
				ALWAYS_SEARCH_USER_PATHS = NO;
				ASSETCATALOG_COMPILER_GENERATE_SWIFT_ASSET_SYMBOL_EXTENSIONS = YES;
				CLANG_ANALYZER_NONNULL = YES;
				CLANG_ANALYZER_NUMBER_OBJECT_CONVERSION = YES_AGGRESSIVE;
				CLANG_CXX_LANGUAGE_STANDARD = "gnu++20";
				CLANG_ENABLE_MODULES = YES;
				CLANG_ENABLE_OBJC_ARC = YES;
				CLANG_ENABLE_OBJC_WEAK = YES;
				CLANG_WARN_BLOCK_CAPTURE_AUTORELEASING = YES;
				CLANG_WARN_BOOL_CONVERSION = YES;
				CLANG_WARN_COMMA = YES;
				CLANG_WARN_CONSTANT_CONVERSION = YES;
				CLANG_WARN_DEPRECATED_OBJC_IMPLEMENTATIONS = YES;
				CLANG_WARN_DIRECT_OBJC_ISA_USAGE = YES_ERROR;
				CLANG_WARN_DOCUMENTATION_COMMENTS = YES;
				CLANG_WARN_EMPTY_BODY = YES;
				CLANG_WARN_ENUM_CONVERSION = YES;
				CLANG_WARN_INFINITE_RECURSION = YES;
				CLANG_WARN_INT_CONVERSION = YES;
				CLANG_WARN_NON_LITERAL_NULL_CONVERSION = YES;
				CLANG_WARN_OBJC_IMPLICIT_RETAIN_SELF = YES;
				CLANG_WARN_OBJC_LITERAL_CONVERSION = YES;
				CLANG_WARN_OBJC_ROOT_CLASS = YES_ERROR;
				CLANG_WARN_QUOTED_INCLUDE_IN_FRAMEWORK_HEADER = YES;
				CLANG_WARN_RANGE_LOOP_ANALYSIS = YES;
				CLANG_WARN_STRICT_PROTOTYPES = YES;
				CLANG_WARN_SUSPICIOUS_MOVE = YES;
				CLANG_WARN_UNGUARDED_AVAILABILITY = YES_AGGRESSIVE;
				CLANG_WARN_UNREACHABLE_CODE = YES;
				CLANG_WARN__DUPLICATE_METHOD_MATCH = YES;
				COPY_PHASE_STRIP = NO;
				DEBUG_INFORMATION_FORMAT = dwarf;
				DEVELOPMENT_TEAM = ZD948KAB33;
				ENABLE_STRICT_OBJC_MSGSEND = YES;
				ENABLE_TESTABILITY = YES;
				ENABLE_USER_SCRIPT_SANDBOXING = YES;
				GCC_C_LANGUAGE_STANDARD = gnu17;
				GCC_DYNAMIC_NO_PIC = NO;
				GCC_NO_COMMON_BLOCKS = YES;
				GCC_OPTIMIZATION_LEVEL = 0;
				GCC_PREPROCESSOR_DEFINITIONS = (
					"DEBUG=1",
					"$(inherited)",
				);
				GCC_WARN_64_TO_32_BIT_CONVERSION = YES;
				GCC_WARN_ABOUT_RETURN_TYPE = YES_ERROR;
				GCC_WARN_UNDECLARED_SELECTOR = YES;
				GCC_WARN_UNINITIALIZED_AUTOS = YES_AGGRESSIVE;
				GCC_WARN_UNUSED_FUNCTION = YES;
				GCC_WARN_UNUSED_VARIABLE = YES;
				IPHONEOS_DEPLOYMENT_TARGET = 18.5;
				LOCALIZATION_PREFERS_STRING_CATALOGS = YES;
				MTL_ENABLE_DEBUG_INFO = INCLUDE_SOURCE;
				MTL_FAST_MATH = YES;
				ONLY_ACTIVE_ARCH = YES;
				SDKROOT = iphoneos;
				SWIFT_ACTIVE_COMPILATION_CONDITIONS = "DEBUG $(inherited)";
				SWIFT_OPTIMIZATION_LEVEL = "-Onone";
			};
			name = Debug;
		};
		EEA0B4832E1766BC00E54FC6 /* Release */ = {
			isa = XCBuildConfiguration;
			buildSettings = {
				ALWAYS_SEARCH_USER_PATHS = NO;
				ASSETCATALOG_COMPILER_GENERATE_SWIFT_ASSET_SYMBOL_EXTENSIONS = YES;
				CLANG_ANALYZER_NONNULL = YES;
				CLANG_ANALYZER_NUMBER_OBJECT_CONVERSION = YES_AGGRESSIVE;
				CLANG_CXX_LANGUAGE_STANDARD = "gnu++20";
				CLANG_ENABLE_MODULES = YES;
				CLANG_ENABLE_OBJC_ARC = YES;
				CLANG_ENABLE_OBJC_WEAK = YES;
				CLANG_WARN_BLOCK_CAPTURE_AUTORELEASING = YES;
				CLANG_WARN_BOOL_CONVERSION = YES;
				CLANG_WARN_COMMA = YES;
				CLANG_WARN_CONSTANT_CONVERSION = YES;
				CLANG_WARN_DEPRECATED_OBJC_IMPLEMENTATIONS = YES;
				CLANG_WARN_DIRECT_OBJC_ISA_USAGE = YES_ERROR;
				CLANG_WARN_DOCUMENTATION_COMMENTS = YES;
				CLANG_WARN_EMPTY_BODY = YES;
				CLANG_WARN_ENUM_CONVERSION = YES;
				CLANG_WARN_INFINITE_RECURSION = YES;
				CLANG_WARN_INT_CONVERSION = YES;
				CLANG_WARN_NON_LITERAL_NULL_CONVERSION = YES;
				CLANG_WARN_OBJC_IMPLICIT_RETAIN_SELF = YES;
				CLANG_WARN_OBJC_LITERAL_CONVERSION = YES;
				CLANG_WARN_OBJC_ROOT_CLASS = YES_ERROR;
				CLANG_WARN_QUOTED_INCLUDE_IN_FRAMEWORK_HEADER = YES;
				CLANG_WARN_RANGE_LOOP_ANALYSIS = YES;
				CLANG_WARN_STRICT_PROTOTYPES = YES;
				CLANG_WARN_SUSPICIOUS_MOVE = YES;
				CLANG_WARN_UNGUARDED_AVAILABILITY = YES_AGGRESSIVE;
				CLANG_WARN_UNREACHABLE_CODE = YES;
				CLANG_WARN__DUPLICATE_METHOD_MATCH = YES;
				COPY_PHASE_STRIP = NO;
				DEBUG_INFORMATION_FORMAT = "dwarf-with-dsym";
				DEVELOPMENT_TEAM = ZD948KAB33;
				ENABLE_NS_ASSERTIONS = NO;
				ENABLE_STRICT_OBJC_MSGSEND = YES;
				ENABLE_USER_SCRIPT_SANDBOXING = YES;
				GCC_C_LANGUAGE_STANDARD = gnu17;
				GCC_NO_COMMON_BLOCKS = YES;
				GCC_WARN_64_TO_32_BIT_CONVERSION = YES;
				GCC_WARN_ABOUT_RETURN_TYPE = YES_ERROR;
				GCC_WARN_UNDECLARED_SELECTOR = YES;
				GCC_WARN_UNINITIALIZED_AUTOS = YES_AGGRESSIVE;
				GCC_WARN_UNUSED_FUNCTION = YES;
				GCC_WARN_UNUSED_VARIABLE = YES;
				IPHONEOS_DEPLOYMENT_TARGET = 18.5;
				LOCALIZATION_PREFERS_STRING_CATALOGS = YES;
				MTL_ENABLE_DEBUG_INFO = NO;
				MTL_FAST_MATH = YES;
				SDKROOT = iphoneos;
				SWIFT_COMPILATION_MODE = wholemodule;
				VALIDATE_PRODUCT = YES;
			};
			name = Release;
		};
		EEA0B4852E1766BC00E54FC6 /* Debug */ = {
			isa = XCBuildConfiguration;
			buildSettings = {
				BUNDLE_LOADER = "$(TEST_HOST)";
				CODE_SIGN_STYLE = Automatic;
				CURRENT_PROJECT_VERSION = 1;
				DEVELOPMENT_TEAM = ZD948KAB33;
				GENERATE_INFOPLIST_FILE = YES;
				IPHONEOS_DEPLOYMENT_TARGET = 18.5;
				MARKETING_VERSION = 1.0;
				PRODUCT_BUNDLE_IDENTIFIER = com.Akili.ParoTests;
				PRODUCT_NAME = "$(TARGET_NAME)";
				SWIFT_EMIT_LOC_STRINGS = NO;
				SWIFT_VERSION = 5.0;
				TARGETED_DEVICE_FAMILY = "1,2";
				TEST_HOST = "$(BUILT_PRODUCTS_DIR)/Paro.app/$(BUNDLE_EXECUTABLE_FOLDER_PATH)/Paro";
			};
			name = Debug;
		};
		EEA0B4862E1766BC00E54FC6 /* Release */ = {
			isa = XCBuildConfiguration;
			buildSettings = {
				BUNDLE_LOADER = "$(TEST_HOST)";
				CODE_SIGN_STYLE = Automatic;
				CURRENT_PROJECT_VERSION = 1;
				DEVELOPMENT_TEAM = ZD948KAB33;
				GENERATE_INFOPLIST_FILE = YES;
				IPHONEOS_DEPLOYMENT_TARGET = 18.5;
				MARKETING_VERSION = 1.0;
				PRODUCT_BUNDLE_IDENTIFIER = com.Akili.ParoTests;
				PRODUCT_NAME = "$(TARGET_NAME)";
				SWIFT_EMIT_LOC_STRINGS = NO;
				SWIFT_VERSION = 5.0;
				TARGETED_DEVICE_FAMILY = "1,2";
				TEST_HOST = "$(BUILT_PRODUCTS_DIR)/Paro.app/$(BUNDLE_EXECUTABLE_FOLDER_PATH)/Paro";
			};
			name = Release;
		};
		EEA0B4882E1766BC00E54FC6 /* Debug */ = {
			isa = XCBuildConfiguration;
			buildSettings = {
				CODE_SIGN_STYLE = Automatic;
				CURRENT_PROJECT_VERSION = 1;
				DEVELOPMENT_TEAM = ZD948KAB33;
				GENERATE_INFOPLIST_FILE = YES;
				MARKETING_VERSION = 1.0;
				PRODUCT_BUNDLE_IDENTIFIER = com.Akili.ParoUITests;
				PRODUCT_NAME = "$(TARGET_NAME)";
				SWIFT_EMIT_LOC_STRINGS = NO;
				SWIFT_VERSION = 5.0;
				TARGETED_DEVICE_FAMILY = "1,2";
				TEST_TARGET_NAME = Paro;
			};
			name = Debug;
		};
		EEA0B4892E1766BC00E54FC6 /* Release */ = {
			isa = XCBuildConfiguration;
			buildSettings = {
				CODE_SIGN_STYLE = Automatic;
				CURRENT_PROJECT_VERSION = 1;
				DEVELOPMENT_TEAM = ZD948KAB33;
				GENERATE_INFOPLIST_FILE = YES;
				MARKETING_VERSION = 1.0;
				PRODUCT_BUNDLE_IDENTIFIER = com.Akili.ParoUITests;
				PRODUCT_NAME = "$(TARGET_NAME)";
				SWIFT_EMIT_LOC_STRINGS = NO;
				SWIFT_VERSION = 5.0;
				TARGETED_DEVICE_FAMILY = "1,2";
				TEST_TARGET_NAME = Paro;
			};
			name = Release;
		};
/* End XCBuildConfiguration section */

/* Begin XCConfigurationList section */
		EEA0B4532E1766BA00E54FC6 /* Build configuration list for PBXProject "Paro" */ = {
			isa = XCConfigurationList;
			buildConfigurations = (
				EEA0B4822E1766BC00E54FC6 /* Debug */,
				EEA0B4832E1766BC00E54FC6 /* Release */,
			);
			defaultConfigurationIsVisible = 0;
			defaultConfigurationName = Release;
		};
		EEA0B47F2E1766BC00E54FC6 /* Build configuration list for PBXNativeTarget "Paro" */ = {
			isa = XCConfigurationList;
			buildConfigurations = (
				EEA0B4802E1766BC00E54FC6 /* Debug */,
				EEA0B4812E1766BC00E54FC6 /* Release */,
			);
			defaultConfigurationIsVisible = 0;
			defaultConfigurationName = Release;
		};
		EEA0B4842E1766BC00E54FC6 /* Build configuration list for PBXNativeTarget "ParoTests" */ = {
			isa = XCConfigurationList;
			buildConfigurations = (
				EEA0B4852E1766BC00E54FC6 /* Debug */,
				EEA0B4862E1766BC00E54FC6 /* Release */,
			);
			defaultConfigurationIsVisible = 0;
			defaultConfigurationName = Release;
		};
		EEA0B4872E1766BC00E54FC6 /* Build configuration list for PBXNativeTarget "ParoUITests" */ = {
			isa = XCConfigurationList;
			buildConfigurations = (
				EEA0B4882E1766BC00E54FC6 /* Debug */,
				EEA0B4892E1766BC00E54FC6 /* Release */,
			);
			defaultConfigurationIsVisible = 0;
			defaultConfigurationName = Release;
		};
/* End XCConfigurationList section */

/* Begin XCRemoteSwiftPackageReference section */
		EE47B5022E442FD900B0CDEB /* XCRemoteSwiftPackageReference "CryptoSwift" */ = {
			isa = XCRemoteSwiftPackageReference;
			repositoryURL = "https://github.com/krzyzanowskim/CryptoSwift";
			requirement = {
				kind = upToNextMajorVersion;
				minimumVersion = 1.9.0;
			};
		};
/* End XCRemoteSwiftPackageReference section */

/* Begin XCSwiftPackageProductDependency section */
		EE47B5032E442FD900B0CDEB /* CryptoSwift */ = {
			isa = XCSwiftPackageProductDependency;
			package = EE47B5022E442FD900B0CDEB /* XCRemoteSwiftPackageReference "CryptoSwift" */;
			productName = CryptoSwift;
		};
/* End XCSwiftPackageProductDependency section */
	};
	rootObject = EEA0B4502E1766BA00E54FC6 /* Project object */;
}
